
Microsoft Visual Studio Solution File, Format Version 12.00
# Visual Studio Version 16
VisualStudioVersion = 16.0.29806.167
MinimumVisualStudioVersion = 10.0.40219.1
Project("{FAE04EC0-301F-11D3-BF4B-00C04F79EFBC}") = "Prima2", "Prima2.csproj", "{DDB2DCA9-A847-422E-810E-9E8BAA292649}"
EndProject
Project("{2150E333-8FDC-42A3-9474-1A3956D46DE8}") = "Solution Items", "Solution Items", "{D0522DD9-0D24-4271-B9CF-2932452D7145}"
	ProjectSection(SolutionItems) = preProject
		.editorconfig = .editorconfig
	EndProjectSection
EndProject
Global
	GlobalSection(SolutionConfigurationPlatforms) = preSolution
		Debug|Any CPU = Debug|Any CPU
		Release|Any CPU = Release|Any CPU
	EndGlobalSection
	GlobalSection(ProjectConfigurationPlatforms) = postSolution
		{DDB2DCA9-A847-422E-810E-9E8BAA292649}.Debug|Any CPU.ActiveCfg = Debug|Any CPU
		{DDB2DCA9-A847-422E-810E-9E8BAA292649}.Debug|Any CPU.Build.0 = Debug|Any CPU
		{DDB2DCA9-A847-422E-810E-9E8BAA292649}.Release|Any CPU.ActiveCfg = Release|Any CPU
		{DDB2DCA9-A847-422E-810E-9E8BAA292649}.Release|Any CPU.Build.0 = Release|Any CPU
	EndGlobalSection
	GlobalSection(SolutionProperties) = preSolution
		HideSolutionNode = FALSE
	EndGlobalSection
	GlobalSection(ExtensibilityGlobals) = postSolution
		SolutionGuid = {33513ED4-F1C1-4AD1-8055-C68258166F5B}
	EndGlobalSection
EndGlobal
